# This file is autogenerated, do not edit; changes may be undone by the next 'dep ensure'.


[[projects]]
  branch = "master"
  name = "github.com/moul/http2curl"
  packages = ["."]
  revision = "9ac6cf4d929b2fa8fd2d2e6dec5bb0feb4f4911d"

[[projects]]
  branch = "fixes"
  name = "github.com/ohookins/contentful-go"
  packages = ["."]
  revision = "1ff9a7808ce26514186d761c4933b80348fc5d16"

[solve-meta]
  analyzer-name = "dep"
  analyzer-version = 1
  inputs-digest = "20b6418c22bcba87fc13a225fd9ab962018a029f0fafc1d7702c440645f61709"
  solver-name = "gps-cdcl"
  solver-version = 1
