# This file is autogenerated, do not edit; changes may be undone by the next 'dep ensure'.


[[projects]]
  branch = "master"
  name = "github.com/moul/http2curl"
  packages = ["."]
  revision = "9ac6cf4d929b2fa8fd2d2e6dec5bb0feb4f4911d"

[[projects]]
  branch = "create_entries"
  name = "github.com/ohookins/contentful-go"
  packages = ["."]
  revision = "c4e75d7016736a167f07333889e1edf34f68b6ae"

[solve-meta]
  analyzer-name = "dep"
  analyzer-version = 1
  inputs-digest = "1d0bc6296d6b49c339437bd54b67e2e532b98121ff29f0a8289bc3ed73641212"
  solver-name = "gps-cdcl"
  solver-version = 1
